<?xml version="1.0" encoding="UTF-8" standalone="yes" ?>
<CodeBlocks_project_file>
	<FileVersion major="1" minor="6" />
	<Project>
		<Option title="app/tri-o-sim" />
		<Option pch_mode="2" />
		<Option compiler="gcc" />
		<Build>
			<Target title="debug_linux32_gcc_x86">
				<Option platforms="Unix;" />
				<Option output="../../bin/tri-o-sim_linux32_gcc_x86_debug" prefix_auto="1" extension_auto="1" />
				<Option working_dir="../../bin" />
				<Option object_output="../../tmp/bin/tri-o-sim/debug/linux32/gcc/x86/" />
				<Option type="1" />
				<Option compiler="gcc" />
				<Compiler>
					<Add option="-g" />
					<Add option="-DDEBUG" />
					<Add option="-DGPS_DEBUGGING" />
					<Add option="-DWITH_STDIO" />
					<Add directory="../../src/linux/SDL2-2.0.1/include" />
				</Compiler>
				<Linker>
					<Add library="boost_system" />
					<Add library="boost_filesystem" />
					<Add library="boost_signals" />
					<Add library="boost_program_options" />
					<Add library="boost_chrono" />
					<Add library="boost_timer" />
					<Add library="boost_thread" />
					<Add library="SDL2" />
					<Add library="pthread" />
					<Add library="dl" />
					<Add library="stdc++" />
					<Add directory="../../src/linux/SDL2-2.0.1/build/linux32" />
				</Linker>
			</Target>
			<Target title="release_linux32_gcc_x86">
				<Option platforms="Unix;" />
				<Option output="../../bin/tri-o-sim_linux32_gcc_x86_release" prefix_auto="1" extension_auto="1" />
				<Option working_dir="../../bin" />
				<Option object_output="../../tmp/bin/tri-o-sim/release/linux32/gcc/x86/" />
				<Option type="1" />
				<Option compiler="gcc" />
				<Compiler>
					<Add option="-O2" />
					<Add directory="../../src/linux/SDL2-2.0.1/include" />
				</Compiler>
				<Linker>
					<Add option="-s" />
					<Add library="SDL2" />
					<Add library="boost_system" />
					<Add library="boost_filesystem" />
					<Add library="boost_signals" />
					<Add library="boost_program_options" />
					<Add library="boost_chrono" />
					<Add library="boost_timer" />
					<Add library="boost_thread" />
					<Add library="pthread" />
					<Add library="dl" />
					<Add library="stdc++" />
					<Add directory="../../src/linux/SDL2-2.0.1/build/linux32" />
				</Linker>
			</Target>
			<Target title="release_mac64_gcc_x86">
				<Option platforms="Mac;" />
				<Option output="../../bin/tri-o-sim_mac64_gcc_x86_release" prefix_auto="1" extension_auto="1" />
				<Option working_dir="../../bin" />
				<Option object_output="../../tmp/bin/tri-o-sim/release/mac64/gcc/x86/" />
				<Option type="1" />
				<Option compiler="gcc" />
				<Compiler>
					<Add option="-O2" />
					<Add directory="src/linux/sdl_joystick" />
					<Add directory="/opt/local/include" />
				</Compiler>
				<Linker>
					<Add option="-L/opt/local/lib" />
					<Add option="-lSDLmain" />
					<Add option="-Wl,-framework,AppKit" />
					<Add option="-lSDL" />
					<Add option="-Wl,-framework,Cocoa" />
					<Add library="boost_system-mt" />
					<Add library="boost_filesystem-mt" />
					<Add library="boost_signals-mt" />
					<Add library="boost_program_options-mt" />
					<Add library="boost_chrono-mt" />
					<Add library="boost_timer-mt" />
					<Add library="boost_thread-mt" />
					<Add library="SDL" />
					<Add directory="/opt/local/lib" />
				</Linker>
			</Target>
			<Target title="release_win32_gcc_x86">
				<Option platforms="Windows;" />
				<Option output="../../bin/tri-o-sim_win32_gcc_x86_release" prefix_auto="1" extension_auto="1" />
				<Option working_dir="../../bin" />
				<Option object_output="../../tmp/bin/tri-o-sim/release/win32/gcc/x86/" />
				<Option type="1" />
				<Option compiler="gcc" />
				<Option projectCompilerOptionsRelation="0" />
				<Option projectLinkerOptionsRelation="0" />
				<Option projectIncludeDirsRelation="0" />
				<Option projectResourceIncludeDirsRelation="0" />
				<Option projectLibDirsRelation="0" />
				<Compiler>
					<Add option="-Wall" />
					<Add option="-fexceptions" />
					<Add option="-D_CONSOLE" />
					<Add option="-DMODEL=tricopter_simulation_rtw" />
					<Add option="-DNUMST=1" />
					<Add option="-DNCSTATES=0" />
					<Add option="-DHAVESTDIO" />
					<Add option="-DONESTEPFCN=1" />
					<Add option="-DTERMFCN=1" />
					<Add option="-DMAT_FILE=0" />
					<Add option="-DMULTI_INSTANCE_CODE=1" />
					<Add option="-DINTEGER_CODE=0" />
					<Add option="-DMT=0" />
					<Add option="-DTID01EQ=0" />
					<Add directory="../../src/cECF" />
					<Add directory="../../src/matlab_r2011b" />
					<Add directory="../../src/matlab_r2011b/rtw/c/src" />
					<Add directory="../../src/matlab_r2011b/extern/include" />
					<Add directory="../../src/matlab_r2011b/simulink/include" />
					<Add directory="../../simulation/tricopter_simulation_rtw_ert_rtw" />
					<Add directory="../../src/flightgearUDP" />
					<Add directory="../../simulation" />
					<Add directory="../../src/linux/sdl_joystick" />
					<Add directory="../../src/simulation" />
					<Add directory="../../lib/boost_1_54_0" />
				</Compiler>
			</Target>
		</Build>
		<VirtualTargets>
			<Add alias="all" targets="debug_linux32_gcc_x86;release_linux32_gcc_x86;release_mac64_gcc_x86;release_win32_gcc_x86;" />
		</VirtualTargets>
		<Compiler>
			<Add option="-Wall" />
			<Add option="-fexceptions" />
			<Add option="-D_CONSOLE" />
			<Add option="-DMODEL=tricopter_simulation_rtw" />
			<Add option="-DNUMST=1" />
			<Add option="-DNCSTATES=0" />
			<Add option="-DHAVESTDIO" />
			<Add option="-DONESTEPFCN=1" />
			<Add option="-DTERMFCN=1" />
			<Add option="-DMAT_FILE=0" />
			<Add option="-DMULTI_INSTANCE_CODE=1" />
			<Add option="-DINTEGER_CODE=0" />
			<Add option="-DMT=0" />
			<Add option="-DTID01EQ=0" />
			<Add directory="../../src/cECF" />
			<Add directory="../../src/matlab_r2011b" />
			<Add directory="../../src/matlab_r2011b/rtw/c/src" />
			<Add directory="../../src/matlab_r2011b/extern/include" />
			<Add directory="../../src/matlab_r2011b/simulink/include" />
			<Add directory="../../simulation/tricopter_simulation_rtw_ert_rtw" />
			<Add directory="../../src/flightgearUDP" />
			<Add directory="../../simulation" />
			<Add directory="../../src/linux/sdl_joystick" />
			<Add directory="../../src/simulation" />
			<Add directory="../../lib/boost_1_54_0" />
		</Compiler>
		<Unit filename="../../simulation/tricopter_simulation_rtw_ert_rtw/rtwtypes.h" />
		<Unit filename="../../simulation/tricopter_simulation_rtw_ert_rtw/tricopter_simulation_rtw.cpp" />
		<Unit filename="../../simulation/tricopter_simulation_rtw_ert_rtw/tricopter_simulation_rtw.h" />
		<Unit filename="../../simulation/tricopter_simulation_rtw_ert_rtw/tricopter_simulation_rtw_capi.cpp" />
		<Unit filename="../../simulation/tricopter_simulation_rtw_ert_rtw/tricopter_simulation_rtw_capi.h" />
		<Unit filename="../../simulation/tricopter_simulation_rtw_ert_rtw/tricopter_simulation_rtw_data.cpp" />
		<Unit filename="../../simulation/tricopter_simulation_rtw_ert_rtw/tricopter_simulation_rtw_private.h" />
		<Unit filename="../../simulation/tricopter_simulation_rtw_ert_rtw/tricopter_simulation_rtw_types.h" />
		<Unit filename="../../src/flightgearUDP/c_flightgear_base.cpp" />
		<Unit filename="../../src/flightgearUDP/c_flightgear_base.hpp" />
		<Unit filename="../../src/flightgearUDP/c_flightgear_sender_asio.cpp" />
		<Unit filename="../../src/flightgearUDP/c_flightgear_sender_asio.hpp" />
		<Unit filename="../../src/flightgearUDP/i_flightgear_sender.hpp" />
		<Unit filename="../../src/flightgearUDP/net_fdm.hxx" />
		<Unit filename="../../src/flightgearUDP/net_fdm_20.hxx" />
		<Unit filename="../../src/flightgearUDP/net_fdm_24.hxx" />
		<Unit filename="../../src/flightgearUDP/universal.h" />
		<Unit filename="../../src/linux/sdl_joystick/c_joystick.cpp" />
		<Unit filename="../../src/linux/sdl_joystick/c_joystick.hpp" />
		<Unit filename="../../src/linux/sdl_joystick/c_joystick_manager.cpp" />
		<Unit filename="../../src/linux/sdl_joystick/c_joystick_manager.hpp" />
		<Unit filename="../../src/simulation/c_simulation.cpp" />
		<Unit filename="../../src/simulation/c_simulation.h" />
		<Unit filename="../../src/windows/SDL2-2.0.1/include/SDL.h">
			<Option target="release_win32_gcc_x86" />
		</Unit>
		<Unit filename="../../src/windows/SDL2-2.0.1/include/SDL_assert.h">
			<Option target="release_win32_gcc_x86" />
		</Unit>
		<Unit filename="../../src/windows/SDL2-2.0.1/include/SDL_atomic.h">
			<Option target="release_win32_gcc_x86" />
		</Unit>
		<Unit filename="../../src/windows/SDL2-2.0.1/include/SDL_audio.h">
			<Option target="release_win32_gcc_x86" />
		</Unit>
		<Unit filename="../../src/windows/SDL2-2.0.1/include/SDL_bits.h">
			<Option target="release_win32_gcc_x86" />
		</Unit>
		<Unit filename="../../src/windows/SDL2-2.0.1/include/SDL_blendmode.h">
			<Option target="release_win32_gcc_x86" />
		</Unit>
		<Unit filename="../../src/windows/SDL2-2.0.1/include/SDL_clipboard.h">
			<Option target="release_win32_gcc_x86" />
		</Unit>
		<Unit filename="../../src/windows/SDL2-2.0.1/include/SDL_config.h">
			<Option target="release_win32_gcc_x86" />
		</Unit>
		<Unit filename="../../src/windows/SDL2-2.0.1/include/SDL_cpuinfo.h">
			<Option target="release_win32_gcc_x86" />
		</Unit>
		<Unit filename="../../src/windows/SDL2-2.0.1/include/SDL_endian.h">
			<Option target="release_win32_gcc_x86" />
		</Unit>
		<Unit filename="../../src/windows/SDL2-2.0.1/include/SDL_error.h">
			<Option target="release_win32_gcc_x86" />
		</Unit>
		<Unit filename="../../src/windows/SDL2-2.0.1/include/SDL_events.h">
			<Option target="release_win32_gcc_x86" />
		</Unit>
		<Unit filename="../../src/windows/SDL2-2.0.1/include/SDL_filesystem.h">
			<Option target="release_win32_gcc_x86" />
		</Unit>
		<Unit filename="../../src/windows/SDL2-2.0.1/include/SDL_gamecontroller.h">
			<Option target="release_win32_gcc_x86" />
		</Unit>
		<Unit filename="../../src/windows/SDL2-2.0.1/include/SDL_gesture.h">
			<Option target="release_win32_gcc_x86" />
		</Unit>
		<Unit filename="../../src/windows/SDL2-2.0.1/include/SDL_haptic.h">
			<Option target="release_win32_gcc_x86" />
		</Unit>
		<Unit filename="../../src/windows/SDL2-2.0.1/include/SDL_hints.h">
			<Option target="release_win32_gcc_x86" />
		</Unit>
		<Unit filename="../../src/windows/SDL2-2.0.1/include/SDL_joystick.h">
			<Option target="release_win32_gcc_x86" />
		</Unit>
		<Unit filename="../../src/windows/SDL2-2.0.1/include/SDL_keyboard.h">
			<Option target="release_win32_gcc_x86" />
		</Unit>
		<Unit filename="../../src/windows/SDL2-2.0.1/include/SDL_keycode.h">
			<Option target="release_win32_gcc_x86" />
		</Unit>
		<Unit filename="../../src/windows/SDL2-2.0.1/include/SDL_loadso.h">
			<Option target="release_win32_gcc_x86" />
		</Unit>
		<Unit filename="../../src/windows/SDL2-2.0.1/include/SDL_log.h">
			<Option target="release_win32_gcc_x86" />
		</Unit>
		<Unit filename="../../src/windows/SDL2-2.0.1/include/SDL_main.h">
			<Option target="release_win32_gcc_x86" />
		</Unit>
		<Unit filename="../../src/windows/SDL2-2.0.1/include/SDL_messagebox.h">
			<Option target="release_win32_gcc_x86" />
		</Unit>
		<Unit filename="../../src/windows/SDL2-2.0.1/include/SDL_mouse.h">
			<Option target="release_win32_gcc_x86" />
		</Unit>
		<Unit filename="../../src/windows/SDL2-2.0.1/include/SDL_mutex.h">
			<Option target="release_win32_gcc_x86" />
		</Unit>
		<Unit filename="../../src/windows/SDL2-2.0.1/include/SDL_name.h">
			<Option target="release_win32_gcc_x86" />
		</Unit>
		<Unit filename="../../src/windows/SDL2-2.0.1/include/SDL_opengl.h">
			<Option target="release_win32_gcc_x86" />
		</Unit>
		<Unit filename="../../src/windows/SDL2-2.0.1/include/SDL_opengles.h">
			<Option target="release_win32_gcc_x86" />
		</Unit>
		<Unit filename="../../src/windows/SDL2-2.0.1/include/SDL_opengles2.h">
			<Option target="release_win32_gcc_x86" />
		</Unit>
		<Unit filename="../../src/windows/SDL2-2.0.1/include/SDL_pixels.h">
			<Option target="release_win32_gcc_x86" />
		</Unit>
		<Unit filename="../../src/windows/SDL2-2.0.1/include/SDL_platform.h">
			<Option target="release_win32_gcc_x86" />
		</Unit>
		<Unit filename="../../src/windows/SDL2-2.0.1/include/SDL_power.h">
			<Option target="release_win32_gcc_x86" />
		</Unit>
		<Unit filename="../../src/windows/SDL2-2.0.1/include/SDL_quit.h">
			<Option target="release_win32_gcc_x86" />
		</Unit>
		<Unit filename="../../src/windows/SDL2-2.0.1/include/SDL_rect.h">
			<Option target="release_win32_gcc_x86" />
		</Unit>
		<Unit filename="../../src/windows/SDL2-2.0.1/include/SDL_render.h">
			<Option target="release_win32_gcc_x86" />
		</Unit>
		<Unit filename="../../src/windows/SDL2-2.0.1/include/SDL_revision.h">
			<Option target="release_win32_gcc_x86" />
		</Unit>
		<Unit filename="../../src/windows/SDL2-2.0.1/include/SDL_rwops.h">
			<Option target="release_win32_gcc_x86" />
		</Unit>
		<Unit filename="../../src/windows/SDL2-2.0.1/include/SDL_scancode.h">
			<Option target="release_win32_gcc_x86" />
		</Unit>
		<Unit filename="../../src/windows/SDL2-2.0.1/include/SDL_shape.h">
			<Option target="release_win32_gcc_x86" />
		</Unit>
		<Unit filename="../../src/windows/SDL2-2.0.1/include/SDL_stdinc.h">
			<Option target="release_win32_gcc_x86" />
		</Unit>
		<Unit filename="../../src/windows/SDL2-2.0.1/include/SDL_surface.h">
			<Option target="release_win32_gcc_x86" />
		</Unit>
		<Unit filename="../../src/windows/SDL2-2.0.1/include/SDL_system.h">
			<Option target="release_win32_gcc_x86" />
		</Unit>
		<Unit filename="../../src/windows/SDL2-2.0.1/include/SDL_syswm.h">
			<Option target="release_win32_gcc_x86" />
		</Unit>
		<Unit filename="../../src/windows/SDL2-2.0.1/include/SDL_test.h">
			<Option target="release_win32_gcc_x86" />
		</Unit>
		<Unit filename="../../src/windows/SDL2-2.0.1/include/SDL_test_assert.h">
			<Option target="release_win32_gcc_x86" />
		</Unit>
		<Unit filename="../../src/windows/SDL2-2.0.1/include/SDL_test_common.h">
			<Option target="release_win32_gcc_x86" />
		</Unit>
		<Unit filename="../../src/windows/SDL2-2.0.1/include/SDL_test_compare.h">
			<Option target="release_win32_gcc_x86" />
		</Unit>
		<Unit filename="../../src/windows/SDL2-2.0.1/include/SDL_test_crc32.h">
			<Option target="release_win32_gcc_x86" />
		</Unit>
		<Unit filename="../../src/windows/SDL2-2.0.1/include/SDL_test_font.h">
			<Option target="release_win32_gcc_x86" />
		</Unit>
		<Unit filename="../../src/windows/SDL2-2.0.1/include/SDL_test_fuzzer.h">
			<Option target="release_win32_gcc_x86" />
		</Unit>
		<Unit filename="../../src/windows/SDL2-2.0.1/include/SDL_test_harness.h">
			<Option target="release_win32_gcc_x86" />
		</Unit>
		<Unit filename="../../src/windows/SDL2-2.0.1/include/SDL_test_images.h">
			<Option target="release_win32_gcc_x86" />
		</Unit>
		<Unit filename="../../src/windows/SDL2-2.0.1/include/SDL_test_log.h">
			<Option target="release_win32_gcc_x86" />
		</Unit>
		<Unit filename="../../src/windows/SDL2-2.0.1/include/SDL_test_md5.h">
			<Option target="release_win32_gcc_x86" />
		</Unit>
		<Unit filename="../../src/windows/SDL2-2.0.1/include/SDL_test_random.h">
			<Option target="release_win32_gcc_x86" />
		</Unit>
		<Unit filename="../../src/windows/SDL2-2.0.1/include/SDL_thread.h">
			<Option target="release_win32_gcc_x86" />
		</Unit>
		<Unit filename="../../src/windows/SDL2-2.0.1/include/SDL_timer.h">
			<Option target="release_win32_gcc_x86" />
		</Unit>
		<Unit filename="../../src/windows/SDL2-2.0.1/include/SDL_touch.h">
			<Option target="release_win32_gcc_x86" />
		</Unit>
		<Unit filename="../../src/windows/SDL2-2.0.1/include/SDL_types.h">
			<Option target="release_win32_gcc_x86" />
		</Unit>
		<Unit filename="../../src/windows/SDL2-2.0.1/include/SDL_version.h">
			<Option target="release_win32_gcc_x86" />
		</Unit>
		<Unit filename="../../src/windows/SDL2-2.0.1/include/SDL_video.h">
			<Option target="release_win32_gcc_x86" />
		</Unit>
		<Unit filename="../../src/windows/SDL2-2.0.1/include/begin_code.h">
			<Option target="release_win32_gcc_x86" />
		</Unit>
		<Unit filename="../../src/windows/SDL2-2.0.1/include/close_code.h">
			<Option target="release_win32_gcc_x86" />
		</Unit>
		<Unit filename="main.cpp" />
		<Extensions>
			<code_completion />
			<envvars />
			<debugger />
			<lib_finder disable_auto="1" />
			<DoxyBlocks>
				<comment_style block="0" line="0" />
				<doxyfile_project />
				<doxyfile_build />
				<doxyfile_warnings />
				<doxyfile_output />
				<doxyfile_dot />
				<general />
			</DoxyBlocks>
		</Extensions>
	</Project>
</CodeBlocks_project_file>
