<?xml version="1.0" encoding="UTF-8" standalone="yes" ?>
<CodeBlocks_project_file>
	<FileVersion major="1" minor="6" />
	<Project>
		<Option title="lib/boost_1_54_0/timer" />
		<Option pch_mode="2" />
		<Option compiler="gcc" />
		<Build>
			<Target title="release_win32_vc8_x86">
				<Option platforms="Windows;" />
				<Option output="../../tmp/lib/boost_1_54_0/release/win32/vc8/x86/timer" prefix_auto="1" extension_auto="1" />
				<Option working_dir="" />
				<Option object_output="../../tmp/lib/boost_1_54_0/release/win32/vc8/x86/" />
				<Option type="2" />
				<Option compiler="msvc8" />
				<Compiler>
					<Add option="/MD" />
					<Add option="/EHa" />
					<Add option="/GR" />
					<Add option="/Wp64" />
					<Add option="/W1" />
					<Add option="/openmp" />
					<Add option="/Zp8" />
					<Add option="/wd4430" />
					<Add option="/wd4867" />
					<Add option="/c" />
					<Add option="/DNDEBUG" />
					<Add option="/D_CRT_SECURE_NO_DEPRECATE" />
					<Add option="/D_CRT_NONSTDC_NO_DEPRECATE" />
					<Add option="/D_SCL_SECURE_NO_WARNINGS" />
					<Add option="/D_USE_32BIT_TIME_T" />
					<Add option="/DWIN32" />
				</Compiler>
			</Target>
			<Target title="release_qnx_qcc_x86">
				<Option platforms="Windows;" />
				<Option output="../../tmp/lib/boost_1_54_0/release/qnx/qcc/x86/timer" prefix_auto="1" extension_auto="1" />
				<Option working_dir="" />
				<Option object_output="../../tmp/lib/boost_1_54_0/release/qnx/qcc/x86/" />
				<Option type="2" />
				<Option compiler="qcc_compiler" />
				<Compiler>
					<Add option="-lang-c++" />
					<Add option="-malign-double" />
					<Add option="-Vgcc_ntox86" />
					<Add option="-fexceptions" />
					<Add option="-DNDEBUG" />
				</Compiler>
				<Linker>
					<Add option="-s" />
				</Linker>
			</Target>
			<Target title="release_qnx_qcc_arm">
				<Option platforms="Windows;" />
				<Option output="../../tmp/lib/boost_1_54_0/release/qnx/qcc/arm/timer" prefix_auto="1" extension_auto="1" />
				<Option working_dir="" />
				<Option object_output="../../tmp/lib/boost_1_54_0/release/qnx/qcc/arm/" />
				<Option type="2" />
				<Option compiler="qcc_compiler_arm" />
				<Compiler>
					<Add option="-lang-c++" />
					<Add option="-Vgcc_ntoarmle" />
					<Add option="-fexceptions" />
					<Add option="-march=armv7-a -Wa,-march=armv7-a -mfpu=neon -Wa,-mfpu=neon -mtune=cortex-a8 -mfloat-abi=softfp -ftree-vectorize" />
					<Add option="-D_LITTLE_ENDIAN" />
					<Add option="-DNDEBUG" />
				</Compiler>
			</Target>
			<Target title="release_win32_gcc_x86">
				<Option platforms="Windows;" />
				<Option output="../../tmp/lib/boost_1_54_0/release/win32/gcc/x86/timer" prefix_auto="1" extension_auto="1" />
				<Option working_dir="" />
				<Option object_output="../../tmp/lib/boost_1_54_0/release/win32/gcc/x86/" />
				<Option type="2" />
				<Option compiler="gcc" />
				<Compiler>
					<Add option="-fexceptions" />
					<Add option="-malign-double" />
					<Add option="-DWIN32" />
					<Add option="-D_WINDOWS" />
					<Add option="-DPTW32_STATIC_LIB" />
					<Add option="-DHAVE_CONFIG_H" />
					<Add option="-DBOOST_THREAD_BUILD_LIB" />
					<Add option="-DNDEBUG" />
				</Compiler>
			</Target>
			<Target title="debug_win32_vc8_x86">
				<Option platforms="Windows;" />
				<Option output="../../tmp/lib/boost_1_54_0/debug/win32/vc8/x86/timer" prefix_auto="1" extension_auto="1" />
				<Option working_dir="" />
				<Option object_output="../../tmp/lib/boost_1_54_0/debug/win32/vc8/x86/" />
				<Option type="2" />
				<Option compiler="msvc8" />
				<Compiler>
					<Add option="/MDd" />
					<Add option="/EHa" />
					<Add option="/GR" />
					<Add option="/Od" />
					<Add option="/W1" />
					<Add option="/openmp" />
					<Add option="/Zi" />
					<Add option="/Zp8" />
					<Add option="/wd4430" />
					<Add option="/wd4867" />
					<Add option="/nologo" />
					<Add option="/c" />
					<Add option="/DDEBUG" />
					<Add option="/D_DEBUG" />
					<Add option="/D_CRT_SECURE_NO_DEPRECATE" />
					<Add option="/D_CRT_NONSTDC_NO_DEPRECATE" />
					<Add option="/D_SCL_SECURE_NO_WARNINGS" />
					<Add option="/D_USE_32BIT_TIME_T" />
					<Add option="/DWIN32" />
					<Add option="/D_NO_DEBUG_HEAP=1" />
				</Compiler>
			</Target>
			<Target title="debug_qnx_qcc_x86">
				<Option platforms="Windows;" />
				<Option output="../../tmp/lib/boost_1_54_0/debug/qnx/qcc/x86/timer" prefix_auto="1" extension_auto="1" />
				<Option working_dir="" />
				<Option object_output="../../tmp/lib/boost_1_54_0/debug/qnx/qcc/x86/" />
				<Option type="2" />
				<Option compiler="qcc_compiler" />
				<Compiler>
					<Add option="-g" />
					<Add option="-w" />
					<Add option="-lang-c++" />
					<Add option="-malign-double" />
					<Add option="-Vgcc_ntox86" />
					<Add option="-fexceptions" />
					<Add option="-DDEBUG" />
				</Compiler>
			</Target>
			<Target title="debug_qnx_qcc_arm">
				<Option platforms="Windows;" />
				<Option output="../../tmp/lib/boost_1_54_0/debug/qnx/qcc/arm/timer" prefix_auto="1" extension_auto="1" />
				<Option working_dir="" />
				<Option object_output="../../tmp/lib/boost_1_54_0/debug/qnx/qcc/arm/" />
				<Option type="2" />
				<Option compiler="qcc_compiler_arm" />
				<Compiler>
					<Add option="-g" />
					<Add option="-lang-c++" />
					<Add option="-Vgcc_ntoarmle" />
					<Add option="-fexceptions" />
					<Add option="-march=armv7-a -Wa,-march=armv7-a -mfpu=neon -Wa,-mfpu=neon -mtune=cortex-a8 -mfloat-abi=softfp -ftree-vectorize" />
					<Add option="-D_LITTLE_ENDIAN" />
					<Add option="-DDEBUG" />
				</Compiler>
			</Target>
			<Target title="debug_win32_gcc_x86">
				<Option platforms="Windows;" />
				<Option output="../../tmp/lib/boost_1_54_0/debug/win32/gcc/x86/timer" prefix_auto="1" extension_auto="1" />
				<Option working_dir="" />
				<Option object_output="../../tmp/lib/boost_1_54_0/debug/win32/gcc/x86/" />
				<Option type="2" />
				<Option compiler="gcc" />
				<Compiler>
					<Add option="-g" />
					<Add option="-fexceptions" />
					<Add option="-malign-double" />
					<Add option="-DWIN32" />
					<Add option="-D_WINDOWS" />
					<Add option="-DPTW32_STATIC_LIB" />
					<Add option="-DHAVE_CONFIG_H" />
					<Add option="-DBOOST_THREAD_BUILD_LIB" />
					<Add option="-DDEBUG" />
				</Compiler>
			</Target>
			<Target title="release_linux32_gcc_x86">
				<Option platforms="Unix;" />
				<Option output="../../tmp/lib/boost_1_54_0/release/linux32/gcc/x86/timer" prefix_auto="1" extension_auto="1" />
				<Option working_dir="" />
				<Option object_output="../../tmp/lib/boost_1_54_0/release/linux32/gcc/x86/" />
				<Option type="2" />
				<Option compiler="gcc" />
				<Compiler>
					<Add option="-O2" />
					<Add option="-w" />
					<Add option="-lang-c++" />
					<Add option="-malign-double" />
					<Add option="-fexceptions" />
					<Add option="-DNDEBUG" />
				</Compiler>
				<Linker>
					<Add option="-s" />
				</Linker>
			</Target>
			<Target title="debug_linux32_gcc_x86">
				<Option platforms="Unix;" />
				<Option output="../../tmp/lib/boost_1_54_0/debug/linux32/gcc/x86/timer" prefix_auto="1" extension_auto="1" />
				<Option working_dir="" />
				<Option object_output="../../tmp/lib/boost_1_54_0/debug/linux32/gcc/x86/" />
				<Option type="2" />
				<Option compiler="gcc" />
				<Compiler>
					<Add option="-w" />
					<Add option="-g" />
					<Add option="-O0" />
					<Add option="-lang-c++" />
					<Add option="-malign-double" />
					<Add option="-fexceptions" />
					<Add option="-DDEBUG" />
				</Compiler>
				<Linker>
					<Add option="-s" />
				</Linker>
			</Target>
			<Target title="release_linux32_gcc_arm">
				<Option output="../../tmp/lib/boost_1_54_0/release/linux32/gcc/arm/boost_timer" prefix_auto="1" extension_auto="1" />
				<Option working_dir="" />
				<Option object_output="../../tmp/lib/boost_1_54_0/release/linux32/gcc/arm/" />
				<Option type="2" />
				<Option compiler="armlinuxgnueabihfgcc" />
				<Compiler>
					<Add option="-O2" />
					<Add option="-w" />
					<Add option="-lang-c++" />
					<Add option="-fexceptions" />
					<Add option="-DNDEBUG" />
				</Compiler>
				<Linker>
					<Add option="-s" />
				</Linker>
			</Target>
		</Build>
		<VirtualTargets>
			<Add alias="All" targets="release_win32_vc8_x86;release_qnx_qcc_x86;release_qnx_qcc_arm;debug_win32_vc8_x86;release_win32_gcc_x86;debug_qnx_qcc_x86;debug_qnx_qcc_arm;debug_win32_gcc_x86;" />
		</VirtualTargets>
		<Compiler>
			<Add option="-DBOOST_ALL_NO_LIB" />
			<Add option="-DLITTLE_ENDIAN" />
			<Add directory="../boost_1_54_0" />
		</Compiler>
		<Unit filename="libs/timer/src/auto_timers_construction.cpp" />
		<Unit filename="libs/timer/src/cpu_timer.cpp" />
		<Extensions>
			<code_completion />
			<envvars />
			<debugger />
		</Extensions>
	</Project>
</CodeBlocks_project_file>
